
Microsoft Visual Studio Solution File, Format Version 12.00
# Visual Studio 15
VisualStudioVersion = 15.0.27428.2015
MinimumVisualStudioVersion = 10.0.40219.1
Project("{8BC9CEB8-8B4A-11D0-8D11-00A0C91BC942}") = "TestApp", "TestApp\TestApp.vcxproj", "{555CBE94-0771-44E1-B36C-18F75AD266A2}"
EndProject
Global
	GlobalSection(SolutionConfigurationPlatforms) = preSolution
		Debug|x64 = Debug|x64
		Debug|x86 = Debug|x86
		Release|x64 = Release|x64
		Release|x86 = Release|x86
	EndGlobalSection
	GlobalSection(ProjectConfigurationPlatforms) = postSolution
		{555CBE94-0771-44E1-B36C-18F75AD266A2}.Debug|x64.ActiveCfg = Debug|x64
		{555CBE94-0771-44E1-B36C-18F75AD266A2}.Debug|x64.Build.0 = Debug|x64
		{555CBE94-0771-44E1-B36C-18F75AD266A2}.Debug|x86.ActiveCfg = Debug|Win32
		{555CBE94-0771-44E1-B36C-18F75AD266A2}.Debug|x86.Build.0 = Debug|Win32
		{555CBE94-0771-44E1-B36C-18F75AD266A2}.Release|x64.ActiveCfg = Release|x64
		{555CBE94-0771-44E1-B36C-18F75AD266A2}.Release|x64.Build.0 = Release|x64
		{555CBE94-0771-44E1-B36C-18F75AD266A2}.Release|x86.ActiveCfg = Release|Win32
		{555CBE94-0771-44E1-B36C-18F75AD266A2}.Release|x86.Build.0 = Release|Win32
	EndGlobalSection
	GlobalSection(SolutionProperties) = preSolution
		HideSolutionNode = FALSE
	EndGlobalSection
	GlobalSection(ExtensibilityGlobals) = postSolution
		SolutionGuid = {E899F555-6E4B-4FA8-90F0-1730002D74FA}
	EndGlobalSection
EndGlobal
